
Microsoft Visual Studio Solution File, Format Version 12.00
# Visual Studio Version 17
VisualStudioVersion = 17.4.33213.308
MinimumVisualStudioVersion = 10.0.40219.1
Project("{9A19103F-16F7-4668-BE54-9A1E7A4F7556}") = "Catalog", "Catalog\Catalog.csproj", "{ABD33829-4C5E-4D12-A067-6A5AB15D792F}"
EndProject
Project("{9A19103F-16F7-4668-BE54-9A1E7A4F7556}") = "ProductOrder", "Order\ProductOrder.csproj", "{DEF46F29-4126-413A-93E9-7A4DB54AA6F0}"
EndProject
Project("{9A19103F-16F7-4668-BE54-9A1E7A4F7556}") = "Delivery", "Delivery\Delivery.csproj", "{F3040437-56FF-4A0E-9FB9-085D2005D162}"
EndProject
Project("{FAE04EC0-301F-11D3-BF4B-00C04F79EFBC}") = "APIGateway", "APIGateway\APIGateway.csproj", "{FA76AF41-46DC-4B78-860E-7A1CA3F9F036}"
EndProject
Global
	GlobalSection(SolutionConfigurationPlatforms) = preSolution
		Debug|Any CPU = Debug|Any CPU
		Release|Any CPU = Release|Any CPU
	EndGlobalSection
	GlobalSection(ProjectConfigurationPlatforms) = postSolution
		{ABD33829-4C5E-4D12-A067-6A5AB15D792F}.Debug|Any CPU.ActiveCfg = Debug|Any CPU
		{ABD33829-4C5E-4D12-A067-6A5AB15D792F}.Debug|Any CPU.Build.0 = Debug|Any CPU
		{ABD33829-4C5E-4D12-A067-6A5AB15D792F}.Release|Any CPU.ActiveCfg = Release|Any CPU
		{ABD33829-4C5E-4D12-A067-6A5AB15D792F}.Release|Any CPU.Build.0 = Release|Any CPU
		{DEF46F29-4126-413A-93E9-7A4DB54AA6F0}.Debug|Any CPU.ActiveCfg = Debug|Any CPU
		{DEF46F29-4126-413A-93E9-7A4DB54AA6F0}.Debug|Any CPU.Build.0 = Debug|Any CPU
		{DEF46F29-4126-413A-93E9-7A4DB54AA6F0}.Release|Any CPU.ActiveCfg = Release|Any CPU
		{DEF46F29-4126-413A-93E9-7A4DB54AA6F0}.Release|Any CPU.Build.0 = Release|Any CPU
		{F3040437-56FF-4A0E-9FB9-085D2005D162}.Debug|Any CPU.ActiveCfg = Debug|Any CPU
		{F3040437-56FF-4A0E-9FB9-085D2005D162}.Debug|Any CPU.Build.0 = Debug|Any CPU
		{F3040437-56FF-4A0E-9FB9-085D2005D162}.Release|Any CPU.ActiveCfg = Release|Any CPU
		{F3040437-56FF-4A0E-9FB9-085D2005D162}.Release|Any CPU.Build.0 = Release|Any CPU
		{FA76AF41-46DC-4B78-860E-7A1CA3F9F036}.Debug|Any CPU.ActiveCfg = Debug|Any CPU
		{FA76AF41-46DC-4B78-860E-7A1CA3F9F036}.Debug|Any CPU.Build.0 = Debug|Any CPU
		{FA76AF41-46DC-4B78-860E-7A1CA3F9F036}.Release|Any CPU.ActiveCfg = Release|Any CPU
		{FA76AF41-46DC-4B78-860E-7A1CA3F9F036}.Release|Any CPU.Build.0 = Release|Any CPU
	EndGlobalSection
	GlobalSection(SolutionProperties) = preSolution
		HideSolutionNode = FALSE
	EndGlobalSection
	GlobalSection(ExtensibilityGlobals) = postSolution
		SolutionGuid = {5D7DE879-4318-4314-9A55-E3E11565EC2D}
	EndGlobalSection
EndGlobal
